
Microsoft Visual Studio Solution File, Format Version 12.00
# Visual Studio Version 16
VisualStudioVersion = 16.0.31129.286
MinimumVisualStudioVersion = 10.0.40219.1
Project("{FAE04EC0-301F-11D3-BF4B-00C04F79EFBC}") = "JosephusProblem", "JosephusTask\JosephusProblem.csproj", "{C8C44CE2-2D27-4A79-8BCD-3A185F84BE9C}"
EndProject
Global
	GlobalSection(SolutionConfigurationPlatforms) = preSolution
		Debug|Any CPU = Debug|Any CPU
		Release|Any CPU = Release|Any CPU
	EndGlobalSection
	GlobalSection(ProjectConfigurationPlatforms) = postSolution
		{C8C44CE2-2D27-4A79-8BCD-3A185F84BE9C}.Debug|Any CPU.ActiveCfg = Debug|Any CPU
		{C8C44CE2-2D27-4A79-8BCD-3A185F84BE9C}.Debug|Any CPU.Build.0 = Debug|Any CPU
		{C8C44CE2-2D27-4A79-8BCD-3A185F84BE9C}.Release|Any CPU.ActiveCfg = Release|Any CPU
		{C8C44CE2-2D27-4A79-8BCD-3A185F84BE9C}.Release|Any CPU.Build.0 = Release|Any CPU
	EndGlobalSection
	GlobalSection(SolutionProperties) = preSolution
		HideSolutionNode = FALSE
	EndGlobalSection
	GlobalSection(ExtensibilityGlobals) = postSolution
		SolutionGuid = {31E9DAF7-6B13-47E0-AAF6-72665CECAA0E}
	EndGlobalSection
EndGlobal
