
Microsoft Visual Studio Solution File, Format Version 12.00
# Visual Studio Version 16
VisualStudioVersion = 16.0.31129.286
MinimumVisualStudioVersion = 10.0.40219.1
Project("{FAE04EC0-301F-11D3-BF4B-00C04F79EFBC}") = "ReversePolishNotation", "ReversePolishNotation\ReversePolishNotation.csproj", "{56636E60-B6D1-4B79-9D2F-9D057B1EF2EE}"
EndProject
Global
	GlobalSection(SolutionConfigurationPlatforms) = preSolution
		Debug|Any CPU = Debug|Any CPU
		Release|Any CPU = Release|Any CPU
	EndGlobalSection
	GlobalSection(ProjectConfigurationPlatforms) = postSolution
		{56636E60-B6D1-4B79-9D2F-9D057B1EF2EE}.Debug|Any CPU.ActiveCfg = Debug|Any CPU
		{56636E60-B6D1-4B79-9D2F-9D057B1EF2EE}.Debug|Any CPU.Build.0 = Debug|Any CPU
		{56636E60-B6D1-4B79-9D2F-9D057B1EF2EE}.Release|Any CPU.ActiveCfg = Release|Any CPU
		{56636E60-B6D1-4B79-9D2F-9D057B1EF2EE}.Release|Any CPU.Build.0 = Release|Any CPU
	EndGlobalSection
	GlobalSection(SolutionProperties) = preSolution
		HideSolutionNode = FALSE
	EndGlobalSection
	GlobalSection(ExtensibilityGlobals) = postSolution
		SolutionGuid = {F1AE7ED8-779F-4D51-8435-FD7B868A8FCD}
	EndGlobalSection
EndGlobal
